// !$*UTF8*$!
{
	archiveVersion = 1;
	classes = {
	};
	objectVersion = 46;
	objects = {

/* Begin PBXBuildFile section */
		B573008F1EC0D062006620E7 /* AppDelegate.swift in Sources */ = {isa = PBXBuildFile; fileRef = B573008E1EC0D062006620E7 /* AppDelegate.swift */; };
		B57300911EC0D062006620E7 /* ViewController.swift in Sources */ = {isa = PBXBuildFile; fileRef = B57300901EC0D062006620E7 /* ViewController.swift */; };
		B57300941EC0D062006620E7 /* Main.storyboard in Resources */ = {isa = PBXBuildFile; fileRef = B57300921EC0D062006620E7 /* Main.storyboard */; };
		B57300961EC0D062006620E7 /* Assets.xcassets in Resources */ = {isa = PBXBuildFile; fileRef = B57300951EC0D062006620E7 /* Assets.xcassets */; };
		B57300991EC0D062006620E7 /* LaunchScreen.storyboard in Resources */ = {isa = PBXBuildFile; fileRef = B57300971EC0D062006620E7 /* LaunchScreen.storyboard */; };
		B57300A41EC0D062006620E7 /* PageTheScrollTests.swift in Sources */ = {isa = PBXBuildFile; fileRef = B57300A31EC0D062006620E7 /* PageTheScrollTests.swift */; };
		B57300AF1EC0D062006620E7 /* PageTheScrollUITests.swift in Sources */ = {isa = PBXBuildFile; fileRef = B57300AE1EC0D062006620E7 /* PageTheScrollUITests.swift */; };
/* End PBXBuildFile section */

/* Begin PBXContainerItemProxy section */
		B57300A01EC0D062006620E7 /* PBXContainerItemProxy */ = {
			isa = PBXContainerItemProxy;
			containerPortal = B57300831EC0D062006620E7 /* Project object */;
			proxyType = 1;
			remoteGlobalIDString = B573008A1EC0D062006620E7;
			remoteInfo = PageTheScroll;
		};
		B57300AB1EC0D062006620E7 /* PBXContainerItemProxy */ = {
			isa = PBXContainerItemProxy;
			containerPortal = B57300831EC0D062006620E7 /* Project object */;
			proxyType = 1;
			remoteGlobalIDString = B573008A1EC0D062006620E7;
			remoteInfo = PageTheScroll;
		};
/* End PBXContainerItemProxy section */

/* Begin PBXFileReference section */
		B573008B1EC0D062006620E7 /* PageTheScroll.app */ = {isa = PBXFileReference; explicitFileType = wrapper.application; includeInIndex = 0; path = PageTheScroll.app; sourceTree = BUILT_PRODUCTS_DIR; };
		B573008E1EC0D062006620E7 /* AppDelegate.swift */ = {isa = PBXFileReference; lastKnownFileType = sourcecode.swift; path = AppDelegate.swift; sourceTree = "<group>"; };
		B57300901EC0D062006620E7 /* ViewController.swift */ = {isa = PBXFileReference; lastKnownFileType = sourcecode.swift; path = ViewController.swift; sourceTree = "<group>"; };
		B57300931EC0D062006620E7 /* Base */ = {isa = PBXFileReference; lastKnownFileType = file.storyboard; name = Base; path = Base.lproj/Main.storyboard; sourceTree = "<group>"; };
		B57300951EC0D062006620E7 /* Assets.xcassets */ = {isa = PBXFileReference; lastKnownFileType = folder.assetcatalog; path = Assets.xcassets; sourceTree = "<group>"; };
		B57300981EC0D062006620E7 /* Base */ = {isa = PBXFileReference; lastKnownFileType = file.storyboard; name = Base; path = Base.lproj/LaunchScreen.storyboard; sourceTree = "<group>"; };
		B573009A1EC0D062006620E7 /* Info.plist */ = {isa = PBXFileReference; lastKnownFileType = text.plist.xml; path = Info.plist; sourceTree = "<group>"; };
		B573009F1EC0D062006620E7 /* PageTheScrollTests.xctest */ = {isa = PBXFileReference; explicitFileType = wrapper.cfbundle; includeInIndex = 0; path = PageTheScrollTests.xctest; sourceTree = BUILT_PRODUCTS_DIR; };
		B57300A31EC0D062006620E7 /* PageTheScrollTests.swift */ = {isa = PBXFileReference; lastKnownFileType = sourcecode.swift; path = PageTheScrollTests.swift; sourceTree = "<group>"; };
		B57300A51EC0D062006620E7 /* Info.plist */ = {isa = PBXFileReference; lastKnownFileType = text.plist.xml; path = Info.plist; sourceTree = "<group>"; };
		B57300AA1EC0D062006620E7 /* PageTheScrollUITests.xctest */ = {isa = PBXFileReference; explicitFileType = wrapper.cfbundle; includeInIndex = 0; path = PageTheScrollUITests.xctest; sourceTree = BUILT_PRODUCTS_DIR; };
		B57300AE1EC0D062006620E7 /* PageTheScrollUITests.swift */ = {isa = PBXFileReference; lastKnownFileType = sourcecode.swift; path = PageTheScrollUITests.swift; sourceTree = "<group>"; };
		B57300B01EC0D062006620E7 /* Info.plist */ = {isa = PBXFileReference; lastKnownFileType = text.plist.xml; path = Info.plist; sourceTree = "<group>"; };
/* End PBXFileReference section */

/* Begin PBXFrameworksBuildPhase section */
		B57300881EC0D062006620E7 /* Frameworks */ = {
			isa = PBXFrameworksBuildPhase;
			buildActionMask = 2147483647;
			files = (
			);
			runOnlyForDeploymentPostprocessing = 0;
		};
		B573009C1EC0D062006620E7 /* Frameworks */ = {
			isa = PBXFrameworksBuildPhase;
			buildActionMask = 2147483647;
			files = (
			);
			runOnlyForDeploymentPostprocessing = 0;
		};
		B57300A71EC0D062006620E7 /* Frameworks */ = {
			isa = PBXFrameworksBuildPhase;
			buildActionMask = 2147483647;
			files = (
			);
			runOnlyForDeploymentPostprocessing = 0;
		};
/* End PBXFrameworksBuildPhase section */

/* Begin PBXGroup section */
		B57300821EC0D062006620E7 = {
			isa = PBXGroup;
			children = (
				B573008D1EC0D062006620E7 /* PageTheScroll */,
				B57300A21EC0D062006620E7 /* PageTheScrollTests */,
				B57300AD1EC0D062006620E7 /* PageTheScrollUITests */,
				B573008C1EC0D062006620E7 /* Products */,
			);
			sourceTree = "<group>";
		};
		B573008C1EC0D062006620E7 /* Products */ = {
			isa = PBXGroup;
			children = (
				B573008B1EC0D062006620E7 /* PageTheScroll.app */,
				B573009F1EC0D062006620E7 /* PageTheScrollTests.xctest */,
				B57300AA1EC0D062006620E7 /* PageTheScrollUITests.xctest */,
			);
			name = Products;
			sourceTree = "<group>";
		};
		B573008D1EC0D062006620E7 /* PageTheScroll */ = {
			isa = PBXGroup;
			children = (
				B573008E1EC0D062006620E7 /* AppDelegate.swift */,
				B57300901EC0D062006620E7 /* ViewController.swift */,
				B57300921EC0D062006620E7 /* Main.storyboard */,
				B57300951EC0D062006620E7 /* Assets.xcassets */,
				B57300971EC0D062006620E7 /* LaunchScreen.storyboard */,
				B573009A1EC0D062006620E7 /* Info.plist */,
			);
			path = PageTheScroll;
			sourceTree = "<group>";
		};
		B57300A21EC0D062006620E7 /* PageTheScrollTests */ = {
			isa = PBXGroup;
			children = (
				B57300A31EC0D062006620E7 /* PageTheScrollTests.swift */,
				B57300A51EC0D062006620E7 /* Info.plist */,
			);
			path = PageTheScrollTests;
			sourceTree = "<group>";
		};
		B57300AD1EC0D062006620E7 /* PageTheScrollUITests */ = {
			isa = PBXGroup;
			children = (
				B57300AE1EC0D062006620E7 /* PageTheScrollUITests.swift */,
				B57300B01EC0D062006620E7 /* Info.plist */,
			);
			path = PageTheScrollUITests;
			sourceTree = "<group>";
		};
/* End PBXGroup section */

/* Begin PBXNativeTarget section */
		B573008A1EC0D062006620E7 /* PageTheScroll */ = {
			isa = PBXNativeTarget;
			buildConfigurationList = B57300B31EC0D062006620E7 /* Build configuration list for PBXNativeTarget "PageTheScroll" */;
			buildPhases = (
				B57300871EC0D062006620E7 /* Sources */,
				B57300881EC0D062006620E7 /* Frameworks */,
				B57300891EC0D062006620E7 /* Resources */,
			);
			buildRules = (
			);
			dependencies = (
			);
			name = PageTheScroll;
			productName = PageTheScroll;
			productReference = B573008B1EC0D062006620E7 /* PageTheScroll.app */;
			productType = "com.apple.product-type.application";
		};
		B573009E1EC0D062006620E7 /* PageTheScrollTests */ = {
			isa = PBXNativeTarget;
			buildConfigurationList = B57300B61EC0D062006620E7 /* Build configuration list for PBXNativeTarget "PageTheScrollTests" */;
			buildPhases = (
				B573009B1EC0D062006620E7 /* Sources */,
				B573009C1EC0D062006620E7 /* Frameworks */,
				B573009D1EC0D062006620E7 /* Resources */,
			);
			buildRules = (
			);
			dependencies = (
				B57300A11EC0D062006620E7 /* PBXTargetDependency */,
			);
			name = PageTheScrollTests;
			productName = PageTheScrollTests;
			productReference = B573009F1EC0D062006620E7 /* PageTheScrollTests.xctest */;
			productType = "com.apple.product-type.bundle.unit-test";
		};
		B57300A91EC0D062006620E7 /* PageTheScrollUITests */ = {
			isa = PBXNativeTarget;
			buildConfigurationList = B57300B91EC0D062006620E7 /* Build configuration list for PBXNativeTarget "PageTheScrollUITests" */;
			buildPhases = (
				B57300A61EC0D062006620E7 /* Sources */,
				B57300A71EC0D062006620E7 /* Frameworks */,
				B57300A81EC0D062006620E7 /* Resources */,
			);
			buildRules = (
			);
			dependencies = (
				B57300AC1EC0D062006620E7 /* PBXTargetDependency */,
			);
			name = PageTheScrollUITests;
			productName = PageTheScrollUITests;
			productReference = B57300AA1EC0D062006620E7 /* PageTheScrollUITests.xctest */;
			productType = "com.apple.product-type.bundle.ui-testing";
		};
/* End PBXNativeTarget section */

/* Begin PBXProject section */
		B57300831EC0D062006620E7 /* Project object */ = {
			isa = PBXProject;
			attributes = {
				LastSwiftUpdateCheck = 0830;
				LastUpgradeCheck = 0830;
				ORGANIZATIONNAME = "Roxana Jula";
				TargetAttributes = {
					B573008A1EC0D062006620E7 = {
						CreatedOnToolsVersion = 8.3.2;
						ProvisioningStyle = Automatic;
					};
					B573009E1EC0D062006620E7 = {
						CreatedOnToolsVersion = 8.3.2;
						ProvisioningStyle = Automatic;
						TestTargetID = B573008A1EC0D062006620E7;
					};
					B57300A91EC0D062006620E7 = {
						CreatedOnToolsVersion = 8.3.2;
						ProvisioningStyle = Automatic;
						TestTargetID = B573008A1EC0D062006620E7;
					};
				};
			};
			buildConfigurationList = B57300861EC0D062006620E7 /* Build configuration list for PBXProject "PageTheScroll" */;
			compatibilityVersion = "Xcode 3.2";
			developmentRegion = English;
			hasScannedForEncodings = 0;
			knownRegions = (
				en,
				Base,
			);
			mainGroup = B57300821EC0D062006620E7;
			productRefGroup = B573008C1EC0D062006620E7 /* Products */;
			projectDirPath = "";
			projectRoot = "";
			targets = (
				B573008A1EC0D062006620E7 /* PageTheScroll */,
				B573009E1EC0D062006620E7 /* PageTheScrollTests */,
				B57300A91EC0D062006620E7 /* PageTheScrollUITests */,
			);
		};
/* End PBXProject section */

/* Begin PBXResourcesBuildPhase section */
		B57300891EC0D062006620E7 /* Resources */ = {
			isa = PBXResourcesBuildPhase;
			buildActionMask = 2147483647;
			files = (
				B57300991EC0D062006620E7 /* LaunchScreen.storyboard in Resources */,
				B57300961EC0D062006620E7 /* Assets.xcassets in Resources */,
				B57300941EC0D062006620E7 /* Main.storyboard in Resources */,
			);
			runOnlyForDeploymentPostprocessing = 0;
		};
		B573009D1EC0D062006620E7 /* Resources */ = {
			isa = PBXResourcesBuildPhase;
			buildActionMask = 2147483647;
			files = (
			);
			runOnlyForDeploymentPostprocessing = 0;
		};
		B57300A81EC0D062006620E7 /* Resources */ = {
			isa = PBXResourcesBuildPhase;
			buildActionMask = 2147483647;
			files = (
			);
			runOnlyForDeploymentPostprocessing = 0;
		};
/* End PBXResourcesBuildPhase section */

/* Begin PBXSourcesBuildPhase section */
		B57300871EC0D062006620E7 /* Sources */ = {
			isa = PBXSourcesBuildPhase;
			buildActionMask = 2147483647;
			files = (
				B57300911EC0D062006620E7 /* ViewController.swift in Sources */,
				B573008F1EC0D062006620E7 /* AppDelegate.swift in Sources */,
			);
			runOnlyForDeploymentPostprocessing = 0;
		};
		B573009B1EC0D062006620E7 /* Sources */ = {
			isa = PBXSourcesBuildPhase;
			buildActionMask = 2147483647;
			files = (
				B57300A41EC0D062006620E7 /* PageTheScrollTests.swift in Sources */,
			);
			runOnlyForDeploymentPostprocessing = 0;
		};
		B57300A61EC0D062006620E7 /* Sources */ = {
			isa = PBXSourcesBuildPhase;
			buildActionMask = 2147483647;
			files = (
				B57300AF1EC0D062006620E7 /* PageTheScrollUITests.swift in Sources */,
			);
			runOnlyForDeploymentPostprocessing = 0;
		};
/* End PBXSourcesBuildPhase section */

/* Begin PBXTargetDependency section */
		B57300A11EC0D062006620E7 /* PBXTargetDependency */ = {
			isa = PBXTargetDependency;
			target = B573008A1EC0D062006620E7 /* PageTheScroll */;
			targetProxy = B57300A01EC0D062006620E7 /* PBXContainerItemProxy */;
		};
		B57300AC1EC0D062006620E7 /* PBXTargetDependency */ = {
			isa = PBXTargetDependency;
			target = B573008A1EC0D062006620E7 /* PageTheScroll */;
			targetProxy = B57300AB1EC0D062006620E7 /* PBXContainerItemProxy */;
		};
/* End PBXTargetDependency section */

/* Begin PBXVariantGroup section */
		B57300921EC0D062006620E7 /* Main.storyboard */ = {
			isa = PBXVariantGroup;
			children = (
				B57300931EC0D062006620E7 /* Base */,
			);
			name = Main.storyboard;
			sourceTree = "<group>";
		};
		B57300971EC0D062006620E7 /* LaunchScreen.storyboard */ = {
			isa = PBXVariantGroup;
			children = (
				B57300981EC0D062006620E7 /* Base */,
			);
			name = LaunchScreen.storyboard;
			sourceTree = "<group>";
		};
/* End PBXVariantGroup section */

/* Begin XCBuildConfiguration section */
		B57300B11EC0D062006620E7 /* Debug */ = {
			isa = XCBuildConfiguration;
			buildSettings = {
				ALWAYS_SEARCH_USER_PATHS = NO;
				CLANG_ANALYZER_NONNULL = YES;
				CLANG_ANALYZER_NUMBER_OBJECT_CONVERSION = YES_AGGRESSIVE;
				CLANG_CXX_LANGUAGE_STANDARD = "gnu++0x";
				CLANG_CXX_LIBRARY = "libc++";
				CLANG_ENABLE_MODULES = YES;
				CLANG_ENABLE_OBJC_ARC = YES;
				CLANG_WARN_BOOL_CONVERSION = YES;
				CLANG_WARN_CONSTANT_CONVERSION = YES;
				CLANG_WARN_DIRECT_OBJC_ISA_USAGE = YES_ERROR;
				CLANG_WARN_DOCUMENTATION_COMMENTS = YES;
				CLANG_WARN_EMPTY_BODY = YES;
				CLANG_WARN_ENUM_CONVERSION = YES;
				CLANG_WARN_INFINITE_RECURSION = YES;
				CLANG_WARN_INT_CONVERSION = YES;
				CLANG_WARN_OBJC_ROOT_CLASS = YES_ERROR;
				CLANG_WARN_SUSPICIOUS_MOVE = YES;
				CLANG_WARN_UNREACHABLE_CODE = YES;
				CLANG_WARN__DUPLICATE_METHOD_MATCH = YES;
				"CODE_SIGN_IDENTITY[sdk=iphoneos*]" = "iPhone Developer";
				COPY_PHASE_STRIP = NO;
				DEBUG_INFORMATION_FORMAT = dwarf;
				ENABLE_STRICT_OBJC_MSGSEND = YES;
				ENABLE_TESTABILITY = YES;
				GCC_C_LANGUAGE_STANDARD = gnu99;
				GCC_DYNAMIC_NO_PIC = NO;
				GCC_NO_COMMON_BLOCKS = YES;
				GCC_OPTIMIZATION_LEVEL = 0;
				GCC_PREPROCESSOR_DEFINITIONS = (
					"DEBUG=1",
					"$(inherited)",
				);
				GCC_WARN_64_TO_32_BIT_CONVERSION = YES;
				GCC_WARN_ABOUT_RETURN_TYPE = YES_ERROR;
				GCC_WARN_UNDECLARED_SELECTOR = YES;
				GCC_WARN_UNINITIALIZED_AUTOS = YES_AGGRESSIVE;
				GCC_WARN_UNUSED_FUNCTION = YES;
				GCC_WARN_UNUSED_VARIABLE = YES;
				IPHONEOS_DEPLOYMENT_TARGET = 10.3;
				MTL_ENABLE_DEBUG_INFO = YES;
				ONLY_ACTIVE_ARCH = YES;
				SDKROOT = iphoneos;
				SWIFT_ACTIVE_COMPILATION_CONDITIONS = DEBUG;
				SWIFT_OPTIMIZATION_LEVEL = "-Onone";
				TARGETED_DEVICE_FAMILY = "1,2";
			};
			name = Debug;
		};
		B57300B21EC0D062006620E7 /* Release */ = {
			isa = XCBuildConfiguration;
			buildSettings = {
				ALWAYS_SEARCH_USER_PATHS = NO;
				CLANG_ANALYZER_NONNULL = YES;
				CLANG_ANALYZER_NUMBER_OBJECT_CONVERSION = YES_AGGRESSIVE;
				CLANG_CXX_LANGUAGE_STANDARD = "gnu++0x";
				CLANG_CXX_LIBRARY = "libc++";
				CLANG_ENABLE_MODULES = YES;
				CLANG_ENABLE_OBJC_ARC = YES;
				CLANG_WARN_BOOL_CONVERSION = YES;
				CLANG_WARN_CONSTANT_CONVERSION = YES;
				CLANG_WARN_DIRECT_OBJC_ISA_USAGE = YES_ERROR;
				CLANG_WARN_DOCUMENTATION_COMMENTS = YES;
				CLANG_WARN_EMPTY_BODY = YES;
				CLANG_WARN_ENUM_CONVERSION = YES;
				CLANG_WARN_INFINITE_RECURSION = YES;
				CLANG_WARN_INT_CONVERSION = YES;
				CLANG_WARN_OBJC_ROOT_CLASS = YES_ERROR;
				CLANG_WARN_SUSPICIOUS_MOVE = YES;
				CLANG_WARN_UNREACHABLE_CODE = YES;
				CLANG_WARN__DUPLICATE_METHOD_MATCH = YES;
				"CODE_SIGN_IDENTITY[sdk=iphoneos*]" = "iPhone Developer";
				COPY_PHASE_STRIP = NO;
				DEBUG_INFORMATION_FORMAT = "dwarf-with-dsym";
				ENABLE_NS_ASSERTIONS = NO;
				ENABLE_STRICT_OBJC_MSGSEND = YES;
				GCC_C_LANGUAGE_STANDARD = gnu99;
				GCC_NO_COMMON_BLOCKS = YES;
				GCC_WARN_64_TO_32_BIT_CONVERSION = YES;
				GCC_WARN_ABOUT_RETURN_TYPE = YES_ERROR;
				GCC_WARN_UNDECLARED_SELECTOR = YES;
				GCC_WARN_UNINITIALIZED_AUTOS = YES_AGGRESSIVE;
				GCC_WARN_UNUSED_FUNCTION = YES;
				GCC_WARN_UNUSED_VARIABLE = YES;
				IPHONEOS_DEPLOYMENT_TARGET = 10.3;
				MTL_ENABLE_DEBUG_INFO = NO;
				SDKROOT = iphoneos;
				SWIFT_OPTIMIZATION_LEVEL = "-Owholemodule";
				TARGETED_DEVICE_FAMILY = "1,2";
				VALIDATE_PRODUCT = YES;
			};
			name = Release;
		};
		B57300B41EC0D062006620E7 /* Debug */ = {
			isa = XCBuildConfiguration;
			buildSettings = {
				ASSETCATALOG_COMPILER_APPICON_NAME = AppIcon;
				INFOPLIST_FILE = PageTheScroll/Info.plist;
				LD_RUNPATH_SEARCH_PATHS = "$(inherited) @executable_path/Frameworks";
				PRODUCT_BUNDLE_IDENTIFIER = com.roxanajula.PageTheScroll;
				PRODUCT_NAME = "$(TARGET_NAME)";
				SWIFT_VERSION = 3.0;
			};
			name = Debug;
		};
		B57300B51EC0D062006620E7 /* Release */ = {
			isa = XCBuildConfiguration;
			buildSettings = {
				ASSETCATALOG_COMPILER_APPICON_NAME = AppIcon;
				INFOPLIST_FILE = PageTheScroll/Info.plist;
				LD_RUNPATH_SEARCH_PATHS = "$(inherited) @executable_path/Frameworks";
				PRODUCT_BUNDLE_IDENTIFIER = com.roxanajula.PageTheScroll;
				PRODUCT_NAME = "$(TARGET_NAME)";
				SWIFT_VERSION = 3.0;
			};
			name = Release;
		};
		B57300B71EC0D062006620E7 /* Debug */ = {
			isa = XCBuildConfiguration;
			buildSettings = {
				ALWAYS_EMBED_SWIFT_STANDARD_LIBRARIES = YES;
				BUNDLE_LOADER = "$(TEST_HOST)";
				INFOPLIST_FILE = PageTheScrollTests/Info.plist;
				LD_RUNPATH_SEARCH_PATHS = "$(inherited) @executable_path/Frameworks @loader_path/Frameworks";
				PRODUCT_BUNDLE_IDENTIFIER = com.roxanajula.PageTheScrollTests;
				PRODUCT_NAME = "$(TARGET_NAME)";
				SWIFT_VERSION = 3.0;
				TEST_HOST = "$(BUILT_PRODUCTS_DIR)/PageTheScroll.app/PageTheScroll";
			};
			name = Debug;
		};
		B57300B81EC0D062006620E7 /* Release */ = {
			isa = XCBuildConfiguration;
			buildSettings = {
				ALWAYS_EMBED_SWIFT_STANDARD_LIBRARIES = YES;
				BUNDLE_LOADER = "$(TEST_HOST)";
				INFOPLIST_FILE = PageTheScrollTests/Info.plist;
				LD_RUNPATH_SEARCH_PATHS = "$(inherited) @executable_path/Frameworks @loader_path/Frameworks";
				PRODUCT_BUNDLE_IDENTIFIER = com.roxanajula.PageTheScrollTests;
				PRODUCT_NAME = "$(TARGET_NAME)";
				SWIFT_VERSION = 3.0;
				TEST_HOST = "$(BUILT_PRODUCTS_DIR)/PageTheScroll.app/PageTheScroll";
			};
			name = Release;
		};
		B57300BA1EC0D062006620E7 /* Debug */ = {
			isa = XCBuildConfiguration;
			buildSettings = {
				ALWAYS_EMBED_SWIFT_STANDARD_LIBRARIES = YES;
				INFOPLIST_FILE = PageTheScrollUITests/Info.plist;
				LD_RUNPATH_SEARCH_PATHS = "$(inherited) @executable_path/Frameworks @loader_path/Frameworks";
				PRODUCT_BUNDLE_IDENTIFIER = com.roxanajula.PageTheScrollUITests;
				PRODUCT_NAME = "$(TARGET_NAME)";
				SWIFT_VERSION = 3.0;
				TEST_TARGET_NAME = PageTheScroll;
			};
			name = Debug;
		};
		B57300BB1EC0D062006620E7 /* Release */ = {
			isa = XCBuildConfiguration;
			buildSettings = {
				ALWAYS_EMBED_SWIFT_STANDARD_LIBRARIES = YES;
				INFOPLIST_FILE = PageTheScrollUITests/Info.plist;
				LD_RUNPATH_SEARCH_PATHS = "$(inherited) @executable_path/Frameworks @loader_path/Frameworks";
				PRODUCT_BUNDLE_IDENTIFIER = com.roxanajula.PageTheScrollUITests;
				PRODUCT_NAME = "$(TARGET_NAME)";
				SWIFT_VERSION = 3.0;
				TEST_TARGET_NAME = PageTheScroll;
			};
			name = Release;
		};
/* End XCBuildConfiguration section */

/* Begin XCConfigurationList section */
		B57300861EC0D062006620E7 /* Build configuration list for PBXProject "PageTheScroll" */ = {
			isa = XCConfigurationList;
			buildConfigurations = (
				B57300B11EC0D062006620E7 /* Debug */,
				B57300B21EC0D062006620E7 /* Release */,
			);
			defaultConfigurationIsVisible = 0;
			defaultConfigurationName = Release;
		};
		B57300B31EC0D062006620E7 /* Build configuration list for PBXNativeTarget "PageTheScroll" */ = {
			isa = XCConfigurationList;
			buildConfigurations = (
				B57300B41EC0D062006620E7 /* Debug */,
				B57300B51EC0D062006620E7 /* Release */,
			);
			defaultConfigurationIsVisible = 0;
		};
		B57300B61EC0D062006620E7 /* Build configuration list for PBXNativeTarget "PageTheScrollTests" */ = {
			isa = XCConfigurationList;
			buildConfigurations = (
				B57300B71EC0D062006620E7 /* Debug */,
				B57300B81EC0D062006620E7 /* Release */,
			);
			defaultConfigurationIsVisible = 0;
		};
		B57300B91EC0D062006620E7 /* Build configuration list for PBXNativeTarget "PageTheScrollUITests" */ = {
			isa = XCConfigurationList;
			buildConfigurations = (
				B57300BA1EC0D062006620E7 /* Debug */,
				B57300BB1EC0D062006620E7 /* Release */,
			);
			defaultConfigurationIsVisible = 0;
		};
/* End XCConfigurationList section */
	};
	rootObject = B57300831EC0D062006620E7 /* Project object */;
}
